
Microsoft Visual Studio Solution File, Format Version 12.00
# Visual Studio Version 16
VisualStudioVersion = 16.0.31410.357
MinimumVisualStudioVersion = 10.0.40219.1
Project("{FAE04EC0-301F-11D3-BF4B-00C04F79EFBC}") = "Jashim_Evidence", "Jashim_Evidence.csproj", "{0F14DD2B-8151-4ACB-B631-ADAF5324DD42}"
EndProject
Global
	GlobalSection(SolutionConfigurationPlatforms) = preSolution
		Debug|Any CPU = Debug|Any CPU
		Release|Any CPU = Release|Any CPU
	EndGlobalSection
	GlobalSection(ProjectConfigurationPlatforms) = postSolution
		{0F14DD2B-8151-4ACB-B631-ADAF5324DD42}.Debug|Any CPU.ActiveCfg = Debug|Any CPU
		{0F14DD2B-8151-4ACB-B631-ADAF5324DD42}.Debug|Any CPU.Build.0 = Debug|Any CPU
		{0F14DD2B-8151-4ACB-B631-ADAF5324DD42}.Release|Any CPU.ActiveCfg = Release|Any CPU
		{0F14DD2B-8151-4ACB-B631-ADAF5324DD42}.Release|Any CPU.Build.0 = Release|Any CPU
	EndGlobalSection
	GlobalSection(SolutionProperties) = preSolution
		HideSolutionNode = FALSE
	EndGlobalSection
	GlobalSection(ExtensibilityGlobals) = postSolution
		SolutionGuid = {F58C696A-0222-4E59-8B0B-CF9777DA9939}
	EndGlobalSection
EndGlobal
